
Microsoft Visual Studio Solution File, Format Version 12.00
# Visual Studio Version 16
VisualStudioVersion = 16.0.34031.81
MinimumVisualStudioVersion = 10.0.40219.1
Project("{2150E333-8FDC-42A3-9474-1A3956D46DE8}") = "Task0", "Task0", "{9FA46563-AC2B-4F27-879A-AB173CA2254B}"
EndProject
Project("{FAE04EC0-301F-11D3-BF4B-00C04F79EFBC}") = "Tyuiu.ChebulaevAG.Sprint0.Task0.V0", "Tyuiu.ChebulaevAG.Sprint0.Task0.V0\Tyuiu.ChebulaevAG.Sprint0.Task0.V0.csproj", "{01837C46-71C5-454D-A40D-17885744C2DB}"
EndProject
Project("{2150E333-8FDC-42A3-9474-1A3956D46DE8}") = "Task1", "Task1", "{BF126298-0A20-4BC2-B250-6A8BAB88A1DF}"
EndProject
Project("{FAE04EC0-301F-11D3-BF4B-00C04F79EFBC}") = "Tyuiu.ChebulaevAG.Sprint0.Task1.V0", "Tyuiu.ChebulaevAG.Sprint0.Task1.V0\Tyuiu.ChebulaevAG.Sprint0.Task1.V0.csproj", "{1167F8B7-C756-4531-BE2C-6A6171FE9962}"
EndProject
Project("{2150E333-8FDC-42A3-9474-1A3956D46DE8}") = "Task2", "Task2", "{9B040800-0C7D-4AC7-B385-0D4AAC8B788B}"
EndProject
Project("{FAE04EC0-301F-11D3-BF4B-00C04F79EFBC}") = "Tyuiu.ChebulaevAG.Sprint0.Task2.V0", "Tyuiu.ChebulaevAG.Sprint0.Task2.V0\Tyuiu.ChebulaevAG.Sprint0.Task2.V0.csproj", "{48B15708-CAEC-443D-BBA5-4821DF70D50A}"
EndProject
Project("{FAE04EC0-301F-11D3-BF4B-00C04F79EFBC}") = "Tyuiu.ChebulaevAG.Sprint0.Task2.V0.Lib", "Tyuiu.ChebulaevAG.Sprint0.Task2.V0.Lib\Tyuiu.ChebulaevAG.Sprint0.Task2.V0.Lib.csproj", "{6D1812A8-CF62-4D46-A29A-06B699ED2413}"
EndProject
Project("{FAE04EC0-301F-11D3-BF4B-00C04F79EFBC}") = "Tyuiu.ChebulaevAG.Sprint0.Task2.V0.Test", "Tyuiu.ChebulaevAG.Sprint0.Task2.V0.Test\Tyuiu.ChebulaevAG.Sprint0.Task2.V0.Test.csproj", "{CA77FA8D-CE07-43D6-8648-5C29D4E8D9E5}"
EndProject
Project("{2150E333-8FDC-42A3-9474-1A3956D46DE8}") = "Task3", "Task3", "{474FA5F2-1CA7-4E59-A527-4A5DEE491A6D}"
EndProject
Project("{FAE04EC0-301F-11D3-BF4B-00C04F79EFBC}") = "Tyuiu.ChebulaevAG.Sprint0.Task3.V0", "Tyuiu.ChebulaevAG.Sprint0.Task3.V0\Tyuiu.ChebulaevAG.Sprint0.Task3.V0.csproj", "{17EFC9A9-C463-4974-9AAC-2278FC104948}"
EndProject
Project("{FAE04EC0-301F-11D3-BF4B-00C04F79EFBC}") = "Tyuiu.ChebulaevAG.Sprint0.Task3.V0.Lib", "Tyuiu.ChebulaevAG.Sprint0.Task3.V0.Lib\Tyuiu.ChebulaevAG.Sprint0.Task3.V0.Lib.csproj", "{D6EF0A2A-4CEF-4EB5-9797-DB340DEE557E}"
EndProject
Project("{FAE04EC0-301F-11D3-BF4B-00C04F79EFBC}") = "Tyuiu.ChebulaevAG.Sprint0.Task3.V0.Test", "Tyuiu.ChebulaevAG.Sprint0.Task3.V0.Test\Tyuiu.ChebulaevAG.Sprint0.Task3.V0.Test.csproj", "{DD7EF444-F7BB-4489-8CE8-4BAD005A7F34}"
EndProject
Project("{2150E333-8FDC-42A3-9474-1A3956D46DE8}") = "Task4", "Task4", "{530A5EA5-A2A6-4D8A-9C34-C9AD1C3C729F}"
EndProject
Project("{FAE04EC0-301F-11D3-BF4B-00C04F79EFBC}") = "Tyuiu.ChebulaevAG.Sprint0.Task4.V0", "Tyuiu.ChebulaevAG.Sprint0.Task4.V0\Tyuiu.ChebulaevAG.Sprint0.Task4.V0.csproj", "{5FD30512-44BB-4FC9-869B-767690088A6A}"
EndProject
Project("{FAE04EC0-301F-11D3-BF4B-00C04F79EFBC}") = "Tyuiu.ChebulaevAG.Sprint0.Task4.V0.Lib", "Tyuiu.ChebulaevAG.Sprint0.Task4.V0.Lib\Tyuiu.ChebulaevAG.Sprint0.Task4.V0.Lib.csproj", "{CCB08DE5-DA28-4FBB-AF94-07EA5CF95741}"
EndProject
Project("{FAE04EC0-301F-11D3-BF4B-00C04F79EFBC}") = "Tyuiu.ChebulaevAG.Sprint0.Task4.V0.Test", "Tyuiu.ChebulaevAG.Sprint0.Task4.V0.Test\Tyuiu.ChebulaevAG.Sprint0.Task4.V0.Test.csproj", "{6BF903AF-74EA-4A62-893A-B00B445AC9CF}"
EndProject
Project("{2150E333-8FDC-42A3-9474-1A3956D46DE8}") = "Task5", "Task5", "{205B84BE-8FA7-4E66-B173-5821B3158B7C}"
EndProject
Project("{FAE04EC0-301F-11D3-BF4B-00C04F79EFBC}") = "Tyuiu.ChebulaevAG.Sprint0.Task5.V0", "Tyuiu.ChebulaevAG.Sprint0.Task5.V0\Tyuiu.ChebulaevAG.Sprint0.Task5.V0.csproj", "{7DD522B3-52D7-453A-B5EC-C73EAB1B35D9}"
EndProject
Project("{FAE04EC0-301F-11D3-BF4B-00C04F79EFBC}") = "Tyuiu.ChebulaevAG.Sprint0.Task5.V0.Lib", "Tyuiu.ChebulaevAG.Sprint0.Task5.V0.Lib\Tyuiu.ChebulaevAG.Sprint0.Task5.V0.Lib.csproj", "{F2A03C6E-8249-4264-A31C-1612E114152B}"
EndProject
Project("{FAE04EC0-301F-11D3-BF4B-00C04F79EFBC}") = "Tyuiu.ChebulaevAG.Sprint0.Task5.V0.Test", "Tyuiu.ChebulaevAG.Sprint0.Task5.V0.Test\Tyuiu.ChebulaevAG.Sprint0.Task5.V0.Test.csproj", "{6E30341B-820B-4D60-BA1A-C5BFF811EEC9}"
EndProject
Project("{2150E333-8FDC-42A3-9474-1A3956D46DE8}") = "Task6", "Task6", "{2CDD806D-240E-43B0-B498-54AD94C1B9F0}"
EndProject
Project("{FAE04EC0-301F-11D3-BF4B-00C04F79EFBC}") = "Tyuiu.ChebulaevAG.Sprint0.Task6.V0", "Tyuiu.ChebulaevAG.Sprint0.Task6.V0\Tyuiu.ChebulaevAG.Sprint0.Task6.V0.csproj", "{03B0456B-9DCC-4A82-9DC7-EECC17DF5FA7}"
EndProject
Project("{FAE04EC0-301F-11D3-BF4B-00C04F79EFBC}") = "Tyuiu.ChebulaevAG.Sprint0.Task6.V0.Lib", "Tyuiu.ChebulaevAG.Sprint0.Task6.V0.Lib\Tyuiu.ChebulaevAG.Sprint0.Task6.V0.Lib.csproj", "{6BA17D8D-6B8E-40D6-B720-3CDFFD57BEBC}"
EndProject
Project("{FAE04EC0-301F-11D3-BF4B-00C04F79EFBC}") = "Tyuiu.ChebulaevAG.Sprint0.Task6.V0.Test", "Tyuiu.ChebulaevAG.Sprint0.Task6.V0.Test\Tyuiu.ChebulaevAG.Sprint0.Task6.V0.Test.csproj", "{9C500926-AA33-406A-AF8D-8A593D776429}"
EndProject
Global
	GlobalSection(SolutionConfigurationPlatforms) = preSolution
		Debug|Any CPU = Debug|Any CPU
		Release|Any CPU = Release|Any CPU
	EndGlobalSection
	GlobalSection(ProjectConfigurationPlatforms) = postSolution
		{01837C46-71C5-454D-A40D-17885744C2DB}.Debug|Any CPU.ActiveCfg = Debug|Any CPU
		{01837C46-71C5-454D-A40D-17885744C2DB}.Debug|Any CPU.Build.0 = Debug|Any CPU
		{01837C46-71C5-454D-A40D-17885744C2DB}.Release|Any CPU.ActiveCfg = Release|Any CPU
		{01837C46-71C5-454D-A40D-17885744C2DB}.Release|Any CPU.Build.0 = Release|Any CPU
		{1167F8B7-C756-4531-BE2C-6A6171FE9962}.Debug|Any CPU.ActiveCfg = Debug|Any CPU
		{1167F8B7-C756-4531-BE2C-6A6171FE9962}.Debug|Any CPU.Build.0 = Debug|Any CPU
		{1167F8B7-C756-4531-BE2C-6A6171FE9962}.Release|Any CPU.ActiveCfg = Release|Any CPU
		{1167F8B7-C756-4531-BE2C-6A6171FE9962}.Release|Any CPU.Build.0 = Release|Any CPU
		{48B15708-CAEC-443D-BBA5-4821DF70D50A}.Debug|Any CPU.ActiveCfg = Debug|Any CPU
		{48B15708-CAEC-443D-BBA5-4821DF70D50A}.Debug|Any CPU.Build.0 = Debug|Any CPU
		{48B15708-CAEC-443D-BBA5-4821DF70D50A}.Release|Any CPU.ActiveCfg = Release|Any CPU
		{48B15708-CAEC-443D-BBA5-4821DF70D50A}.Release|Any CPU.Build.0 = Release|Any CPU
		{6D1812A8-CF62-4D46-A29A-06B699ED2413}.Debug|Any CPU.ActiveCfg = Debug|Any CPU
		{6D1812A8-CF62-4D46-A29A-06B699ED2413}.Debug|Any CPU.Build.0 = Debug|Any CPU
		{6D1812A8-CF62-4D46-A29A-06B699ED2413}.Release|Any CPU.ActiveCfg = Release|Any CPU
		{6D1812A8-CF62-4D46-A29A-06B699ED2413}.Release|Any CPU.Build.0 = Release|Any CPU
		{CA77FA8D-CE07-43D6-8648-5C29D4E8D9E5}.Debug|Any CPU.ActiveCfg = Debug|Any CPU
		{CA77FA8D-CE07-43D6-8648-5C29D4E8D9E5}.Debug|Any CPU.Build.0 = Debug|Any CPU
		{CA77FA8D-CE07-43D6-8648-5C29D4E8D9E5}.Release|Any CPU.ActiveCfg = Release|Any CPU
		{CA77FA8D-CE07-43D6-8648-5C29D4E8D9E5}.Release|Any CPU.Build.0 = Release|Any CPU
		{17EFC9A9-C463-4974-9AAC-2278FC104948}.Debug|Any CPU.ActiveCfg = Debug|Any CPU
		{17EFC9A9-C463-4974-9AAC-2278FC104948}.Debug|Any CPU.Build.0 = Debug|Any CPU
		{17EFC9A9-C463-4974-9AAC-2278FC104948}.Release|Any CPU.ActiveCfg = Release|Any CPU
		{17EFC9A9-C463-4974-9AAC-2278FC104948}.Release|Any CPU.Build.0 = Release|Any CPU
		{D6EF0A2A-4CEF-4EB5-9797-DB340DEE557E}.Debug|Any CPU.ActiveCfg = Debug|Any CPU
		{D6EF0A2A-4CEF-4EB5-9797-DB340DEE557E}.Debug|Any CPU.Build.0 = Debug|Any CPU
		{D6EF0A2A-4CEF-4EB5-9797-DB340DEE557E}.Release|Any CPU.ActiveCfg = Release|Any CPU
		{D6EF0A2A-4CEF-4EB5-9797-DB340DEE557E}.Release|Any CPU.Build.0 = Release|Any CPU
		{DD7EF444-F7BB-4489-8CE8-4BAD005A7F34}.Debug|Any CPU.ActiveCfg = Debug|Any CPU
		{DD7EF444-F7BB-4489-8CE8-4BAD005A7F34}.Debug|Any CPU.Build.0 = Debug|Any CPU
		{DD7EF444-F7BB-4489-8CE8-4BAD005A7F34}.Release|Any CPU.ActiveCfg = Release|Any CPU
		{DD7EF444-F7BB-4489-8CE8-4BAD005A7F34}.Release|Any CPU.Build.0 = Release|Any CPU
		{5FD30512-44BB-4FC9-869B-767690088A6A}.Debug|Any CPU.ActiveCfg = Debug|Any CPU
		{5FD30512-44BB-4FC9-869B-767690088A6A}.Debug|Any CPU.Build.0 = Debug|Any CPU
		{5FD30512-44BB-4FC9-869B-767690088A6A}.Release|Any CPU.ActiveCfg = Release|Any CPU
		{5FD30512-44BB-4FC9-869B-767690088A6A}.Release|Any CPU.Build.0 = Release|Any CPU
		{CCB08DE5-DA28-4FBB-AF94-07EA5CF95741}.Debug|Any CPU.ActiveCfg = Debug|Any CPU
		{CCB08DE5-DA28-4FBB-AF94-07EA5CF95741}.Debug|Any CPU.Build.0 = Debug|Any CPU
		{CCB08DE5-DA28-4FBB-AF94-07EA5CF95741}.Release|Any CPU.ActiveCfg = Release|Any CPU
		{CCB08DE5-DA28-4FBB-AF94-07EA5CF95741}.Release|Any CPU.Build.0 = Release|Any CPU
		{6BF903AF-74EA-4A62-893A-B00B445AC9CF}.Debug|Any CPU.ActiveCfg = Debug|Any CPU
		{6BF903AF-74EA-4A62-893A-B00B445AC9CF}.Debug|Any CPU.Build.0 = Debug|Any CPU
		{6BF903AF-74EA-4A62-893A-B00B445AC9CF}.Release|Any CPU.ActiveCfg = Release|Any CPU
		{6BF903AF-74EA-4A62-893A-B00B445AC9CF}.Release|Any CPU.Build.0 = Release|Any CPU
		{7DD522B3-52D7-453A-B5EC-C73EAB1B35D9}.Debug|Any CPU.ActiveCfg = Debug|Any CPU
		{7DD522B3-52D7-453A-B5EC-C73EAB1B35D9}.Debug|Any CPU.Build.0 = Debug|Any CPU
		{7DD522B3-52D7-453A-B5EC-C73EAB1B35D9}.Release|Any CPU.ActiveCfg = Release|Any CPU
		{7DD522B3-52D7-453A-B5EC-C73EAB1B35D9}.Release|Any CPU.Build.0 = Release|Any CPU
		{F2A03C6E-8249-4264-A31C-1612E114152B}.Debug|Any CPU.ActiveCfg = Debug|Any CPU
		{F2A03C6E-8249-4264-A31C-1612E114152B}.Debug|Any CPU.Build.0 = Debug|Any CPU
		{F2A03C6E-8249-4264-A31C-1612E114152B}.Release|Any CPU.ActiveCfg = Release|Any CPU
		{F2A03C6E-8249-4264-A31C-1612E114152B}.Release|Any CPU.Build.0 = Release|Any CPU
		{6E30341B-820B-4D60-BA1A-C5BFF811EEC9}.Debug|Any CPU.ActiveCfg = Debug|Any CPU
		{6E30341B-820B-4D60-BA1A-C5BFF811EEC9}.Debug|Any CPU.Build.0 = Debug|Any CPU
		{6E30341B-820B-4D60-BA1A-C5BFF811EEC9}.Release|Any CPU.ActiveCfg = Release|Any CPU
		{6E30341B-820B-4D60-BA1A-C5BFF811EEC9}.Release|Any CPU.Build.0 = Release|Any CPU
		{03B0456B-9DCC-4A82-9DC7-EECC17DF5FA7}.Debug|Any CPU.ActiveCfg = Debug|Any CPU
		{03B0456B-9DCC-4A82-9DC7-EECC17DF5FA7}.Debug|Any CPU.Build.0 = Debug|Any CPU
		{03B0456B-9DCC-4A82-9DC7-EECC17DF5FA7}.Release|Any CPU.ActiveCfg = Release|Any CPU
		{03B0456B-9DCC-4A82-9DC7-EECC17DF5FA7}.Release|Any CPU.Build.0 = Release|Any CPU
		{6BA17D8D-6B8E-40D6-B720-3CDFFD57BEBC}.Debug|Any CPU.ActiveCfg = Debug|Any CPU
		{6BA17D8D-6B8E-40D6-B720-3CDFFD57BEBC}.Debug|Any CPU.Build.0 = Debug|Any CPU
		{6BA17D8D-6B8E-40D6-B720-3CDFFD57BEBC}.Release|Any CPU.ActiveCfg = Release|Any CPU
		{6BA17D8D-6B8E-40D6-B720-3CDFFD57BEBC}.Release|Any CPU.Build.0 = Release|Any CPU
		{9C500926-AA33-406A-AF8D-8A593D776429}.Debug|Any CPU.ActiveCfg = Debug|Any CPU
		{9C500926-AA33-406A-AF8D-8A593D776429}.Debug|Any CPU.Build.0 = Debug|Any CPU
		{9C500926-AA33-406A-AF8D-8A593D776429}.Release|Any CPU.ActiveCfg = Release|Any CPU
		{9C500926-AA33-406A-AF8D-8A593D776429}.Release|Any CPU.Build.0 = Release|Any CPU
	EndGlobalSection
	GlobalSection(SolutionProperties) = preSolution
		HideSolutionNode = FALSE
	EndGlobalSection
	GlobalSection(NestedProjects) = preSolution
		{01837C46-71C5-454D-A40D-17885744C2DB} = {9FA46563-AC2B-4F27-879A-AB173CA2254B}
		{1167F8B7-C756-4531-BE2C-6A6171FE9962} = {BF126298-0A20-4BC2-B250-6A8BAB88A1DF}
		{48B15708-CAEC-443D-BBA5-4821DF70D50A} = {9B040800-0C7D-4AC7-B385-0D4AAC8B788B}
		{6D1812A8-CF62-4D46-A29A-06B699ED2413} = {9B040800-0C7D-4AC7-B385-0D4AAC8B788B}
		{CA77FA8D-CE07-43D6-8648-5C29D4E8D9E5} = {9B040800-0C7D-4AC7-B385-0D4AAC8B788B}
		{17EFC9A9-C463-4974-9AAC-2278FC104948} = {474FA5F2-1CA7-4E59-A527-4A5DEE491A6D}
		{D6EF0A2A-4CEF-4EB5-9797-DB340DEE557E} = {474FA5F2-1CA7-4E59-A527-4A5DEE491A6D}
		{DD7EF444-F7BB-4489-8CE8-4BAD005A7F34} = {474FA5F2-1CA7-4E59-A527-4A5DEE491A6D}
		{5FD30512-44BB-4FC9-869B-767690088A6A} = {530A5EA5-A2A6-4D8A-9C34-C9AD1C3C729F}
		{CCB08DE5-DA28-4FBB-AF94-07EA5CF95741} = {530A5EA5-A2A6-4D8A-9C34-C9AD1C3C729F}
		{6BF903AF-74EA-4A62-893A-B00B445AC9CF} = {530A5EA5-A2A6-4D8A-9C34-C9AD1C3C729F}
		{7DD522B3-52D7-453A-B5EC-C73EAB1B35D9} = {205B84BE-8FA7-4E66-B173-5821B3158B7C}
		{F2A03C6E-8249-4264-A31C-1612E114152B} = {205B84BE-8FA7-4E66-B173-5821B3158B7C}
		{6E30341B-820B-4D60-BA1A-C5BFF811EEC9} = {205B84BE-8FA7-4E66-B173-5821B3158B7C}
		{03B0456B-9DCC-4A82-9DC7-EECC17DF5FA7} = {2CDD806D-240E-43B0-B498-54AD94C1B9F0}
		{6BA17D8D-6B8E-40D6-B720-3CDFFD57BEBC} = {2CDD806D-240E-43B0-B498-54AD94C1B9F0}
		{9C500926-AA33-406A-AF8D-8A593D776429} = {2CDD806D-240E-43B0-B498-54AD94C1B9F0}
	EndGlobalSection
	GlobalSection(ExtensibilityGlobals) = postSolution
		SolutionGuid = {C1B2084E-F7BA-47FE-B31A-EDAA46C3C452}
	EndGlobalSection
EndGlobal
